// !$*UTF8*$!
{
	archiveVersion = 1;
	classes = {
	};
	objectVersion = 56;
	objects = {

/* Begin PBXBuildFile section */
		2378DF042AF7A8EC00D9FCAD /* RocketListViewModel.swift in Sources */ = {isa = PBXBuildFile; fileRef = 2378DF032AF7A8EC00D9FCAD /* RocketListViewModel.swift */; };
		2378DF0A2AF7B06700D9FCAD /* Localization.swift in Sources */ = {isa = PBXBuildFile; fileRef = 2378DF092AF7B06700D9FCAD /* Localization.swift */; };
		2378DF0F2AF7B1FB00D9FCAD /* RocketDetailViewModel.swift in Sources */ = {isa = PBXBuildFile; fileRef = 2378DF0E2AF7B1FB00D9FCAD /* RocketDetailViewModel.swift */; };
		2378DF112AF7B26600D9FCAD /* RocketDetailView.swift in Sources */ = {isa = PBXBuildFile; fileRef = 2378DF102AF7B26600D9FCAD /* RocketDetailView.swift */; };
		2378DF132AF7C8B100D9FCAD /* Constants.swift in Sources */ = {isa = PBXBuildFile; fileRef = 2378DF122AF7C8B100D9FCAD /* Constants.swift */; };
		23E6B9462AF79837006FA669 /* RocketApp.swift in Sources */ = {isa = PBXBuildFile; fileRef = 23E6B9452AF79837006FA669 /* RocketApp.swift */; };
		23E6B9482AF79837006FA669 /* RocketListView.swift in Sources */ = {isa = PBXBuildFile; fileRef = 23E6B9472AF79837006FA669 /* RocketListView.swift */; };
		23E6B94A2AF7983A006FA669 /* Assets.xcassets in Resources */ = {isa = PBXBuildFile; fileRef = 23E6B9492AF7983A006FA669 /* Assets.xcassets */; };
		23E6B94D2AF7983A006FA669 /* Preview Assets.xcassets in Resources */ = {isa = PBXBuildFile; fileRef = 23E6B94C2AF7983A006FA669 /* Preview Assets.xcassets */; };
		23E6B9572AF7983A006FA669 /* RocketAppTests.swift in Sources */ = {isa = PBXBuildFile; fileRef = 23E6B9562AF7983A006FA669 /* RocketAppTests.swift */; };
		23E6B9612AF7983A006FA669 /* RocketAppUITests.swift in Sources */ = {isa = PBXBuildFile; fileRef = 23E6B9602AF7983A006FA669 /* RocketAppUITests.swift */; };
		23E6B9632AF7983A006FA669 /* RocketAppUITestsLaunchTests.swift in Sources */ = {isa = PBXBuildFile; fileRef = 23E6B9622AF7983A006FA669 /* RocketAppUITestsLaunchTests.swift */; };
/* End PBXBuildFile section */

/* Begin PBXContainerItemProxy section */
		23E6B9532AF7983A006FA669 /* PBXContainerItemProxy */ = {
			isa = PBXContainerItemProxy;
			containerPortal = 23E6B93A2AF79837006FA669 /* Project object */;
			proxyType = 1;
			remoteGlobalIDString = 23E6B9412AF79837006FA669;
			remoteInfo = RocketApp;
		};
		23E6B95D2AF7983A006FA669 /* PBXContainerItemProxy */ = {
			isa = PBXContainerItemProxy;
			containerPortal = 23E6B93A2AF79837006FA669 /* Project object */;
			proxyType = 1;
			remoteGlobalIDString = 23E6B9412AF79837006FA669;
			remoteInfo = RocketApp;
		};
/* End PBXContainerItemProxy section */

/* Begin PBXFileReference section */
		2378DF032AF7A8EC00D9FCAD /* RocketListViewModel.swift */ = {isa = PBXFileReference; lastKnownFileType = sourcecode.swift; path = RocketListViewModel.swift; sourceTree = "<group>"; };
		2378DF092AF7B06700D9FCAD /* Localization.swift */ = {isa = PBXFileReference; lastKnownFileType = sourcecode.swift; path = Localization.swift; sourceTree = "<group>"; };
		2378DF0E2AF7B1FB00D9FCAD /* RocketDetailViewModel.swift */ = {isa = PBXFileReference; lastKnownFileType = sourcecode.swift; path = RocketDetailViewModel.swift; sourceTree = "<group>"; };
		2378DF102AF7B26600D9FCAD /* RocketDetailView.swift */ = {isa = PBXFileReference; lastKnownFileType = sourcecode.swift; path = RocketDetailView.swift; sourceTree = "<group>"; };
		2378DF122AF7C8B100D9FCAD /* Constants.swift */ = {isa = PBXFileReference; lastKnownFileType = sourcecode.swift; path = Constants.swift; sourceTree = "<group>"; };
		23E6B9422AF79837006FA669 /* RocketApp.app */ = {isa = PBXFileReference; explicitFileType = wrapper.application; includeInIndex = 0; path = RocketApp.app; sourceTree = BUILT_PRODUCTS_DIR; };
		23E6B9452AF79837006FA669 /* RocketApp.swift */ = {isa = PBXFileReference; lastKnownFileType = sourcecode.swift; path = RocketApp.swift; sourceTree = "<group>"; };
		23E6B9472AF79837006FA669 /* RocketListView.swift */ = {isa = PBXFileReference; lastKnownFileType = sourcecode.swift; path = RocketListView.swift; sourceTree = "<group>"; };
		23E6B9492AF7983A006FA669 /* Assets.xcassets */ = {isa = PBXFileReference; lastKnownFileType = folder.assetcatalog; path = Assets.xcassets; sourceTree = "<group>"; };
		23E6B94C2AF7983A006FA669 /* Preview Assets.xcassets */ = {isa = PBXFileReference; lastKnownFileType = folder.assetcatalog; path = "Preview Assets.xcassets"; sourceTree = "<group>"; };
		23E6B9522AF7983A006FA669 /* RocketAppTests.xctest */ = {isa = PBXFileReference; explicitFileType = wrapper.cfbundle; includeInIndex = 0; path = RocketAppTests.xctest; sourceTree = BUILT_PRODUCTS_DIR; };
		23E6B9562AF7983A006FA669 /* RocketAppTests.swift */ = {isa = PBXFileReference; lastKnownFileType = sourcecode.swift; path = RocketAppTests.swift; sourceTree = "<group>"; };
		23E6B95C2AF7983A006FA669 /* RocketAppUITests.xctest */ = {isa = PBXFileReference; explicitFileType = wrapper.cfbundle; includeInIndex = 0; path = RocketAppUITests.xctest; sourceTree = BUILT_PRODUCTS_DIR; };
		23E6B9602AF7983A006FA669 /* RocketAppUITests.swift */ = {isa = PBXFileReference; lastKnownFileType = sourcecode.swift; path = RocketAppUITests.swift; sourceTree = "<group>"; };
		23E6B9622AF7983A006FA669 /* RocketAppUITestsLaunchTests.swift */ = {isa = PBXFileReference; lastKnownFileType = sourcecode.swift; path = RocketAppUITestsLaunchTests.swift; sourceTree = "<group>"; };
/* End PBXFileReference section */

/* Begin PBXFrameworksBuildPhase section */
		23E6B93F2AF79837006FA669 /* Frameworks */ = {
			isa = PBXFrameworksBuildPhase;
			buildActionMask = 2147483647;
			files = (
			);
			runOnlyForDeploymentPostprocessing = 0;
		};
		23E6B94F2AF7983A006FA669 /* Frameworks */ = {
			isa = PBXFrameworksBuildPhase;
			buildActionMask = 2147483647;
			files = (
			);
			runOnlyForDeploymentPostprocessing = 0;
		};
		23E6B9592AF7983A006FA669 /* Frameworks */ = {
			isa = PBXFrameworksBuildPhase;
			buildActionMask = 2147483647;
			files = (
			);
			runOnlyForDeploymentPostprocessing = 0;
		};
/* End PBXFrameworksBuildPhase section */

/* Begin PBXGroup section */
		2378DF052AF7A92000D9FCAD /* Scenes */ = {
			isa = PBXGroup;
			children = (
				2378DF0B2AF7B1BE00D9FCAD /* RocketDetail */,
				2378DF062AF7A92700D9FCAD /* RocketList */,
			);
			path = Scenes;
			sourceTree = "<group>";
		};
		2378DF062AF7A92700D9FCAD /* RocketList */ = {
			isa = PBXGroup;
			children = (
				23E6B9472AF79837006FA669 /* RocketListView.swift */,
				2378DF032AF7A8EC00D9FCAD /* RocketListViewModel.swift */,
			);
			path = RocketList;
			sourceTree = "<group>";
		};
		2378DF072AF7AEA400D9FCAD /* SupportingFiles */ = {
			isa = PBXGroup;
			children = (
				2378DF082AF7B05900D9FCAD /* Strings */,
				23E6B9492AF7983A006FA669 /* Assets.xcassets */,
				2378DF122AF7C8B100D9FCAD /* Constants.swift */,
			);
			path = SupportingFiles;
			sourceTree = "<group>";
		};
		2378DF082AF7B05900D9FCAD /* Strings */ = {
			isa = PBXGroup;
			children = (
				2378DF092AF7B06700D9FCAD /* Localization.swift */,
			);
			path = Strings;
			sourceTree = "<group>";
		};
		2378DF0B2AF7B1BE00D9FCAD /* RocketDetail */ = {
			isa = PBXGroup;
			children = (
				2378DF102AF7B26600D9FCAD /* RocketDetailView.swift */,
				2378DF0E2AF7B1FB00D9FCAD /* RocketDetailViewModel.swift */,
			);
			path = RocketDetail;
			sourceTree = "<group>";
		};
		23E6B9392AF79837006FA669 = {
			isa = PBXGroup;
			children = (
				23E6B9442AF79837006FA669 /* RocketApp */,
				23E6B9552AF7983A006FA669 /* RocketAppTests */,
				23E6B95F2AF7983A006FA669 /* RocketAppUITests */,
				23E6B9432AF79837006FA669 /* Products */,
			);
			sourceTree = "<group>";
		};
		23E6B9432AF79837006FA669 /* Products */ = {
			isa = PBXGroup;
			children = (
				23E6B9422AF79837006FA669 /* RocketApp.app */,
				23E6B9522AF7983A006FA669 /* RocketAppTests.xctest */,
				23E6B95C2AF7983A006FA669 /* RocketAppUITests.xctest */,
			);
			name = Products;
			sourceTree = "<group>";
		};
		23E6B9442AF79837006FA669 /* RocketApp */ = {
			isa = PBXGroup;
			children = (
				23E6B9452AF79837006FA669 /* RocketApp.swift */,
				2378DF052AF7A92000D9FCAD /* Scenes */,
				2378DF072AF7AEA400D9FCAD /* SupportingFiles */,
				23E6B94B2AF7983A006FA669 /* Preview Content */,
			);
			path = RocketApp;
			sourceTree = "<group>";
		};
		23E6B94B2AF7983A006FA669 /* Preview Content */ = {
			isa = PBXGroup;
			children = (
				23E6B94C2AF7983A006FA669 /* Preview Assets.xcassets */,
			);
			path = "Preview Content";
			sourceTree = "<group>";
		};
		23E6B9552AF7983A006FA669 /* RocketAppTests */ = {
			isa = PBXGroup;
			children = (
				23E6B9562AF7983A006FA669 /* RocketAppTests.swift */,
			);
			path = RocketAppTests;
			sourceTree = "<group>";
		};
		23E6B95F2AF7983A006FA669 /* RocketAppUITests */ = {
			isa = PBXGroup;
			children = (
				23E6B9602AF7983A006FA669 /* RocketAppUITests.swift */,
				23E6B9622AF7983A006FA669 /* RocketAppUITestsLaunchTests.swift */,
			);
			path = RocketAppUITests;
			sourceTree = "<group>";
		};
/* End PBXGroup section */

/* Begin PBXNativeTarget section */
		23E6B9412AF79837006FA669 /* RocketApp */ = {
			isa = PBXNativeTarget;
			buildConfigurationList = 23E6B9662AF7983A006FA669 /* Build configuration list for PBXNativeTarget "RocketApp" */;
			buildPhases = (
				23E6B93E2AF79837006FA669 /* Sources */,
				23E6B93F2AF79837006FA669 /* Frameworks */,
				23E6B9402AF79837006FA669 /* Resources */,
			);
			buildRules = (
			);
			dependencies = (
			);
			name = RocketApp;
			productName = RocketApp;
			productReference = 23E6B9422AF79837006FA669 /* RocketApp.app */;
			productType = "com.apple.product-type.application";
		};
		23E6B9512AF7983A006FA669 /* RocketAppTests */ = {
			isa = PBXNativeTarget;
			buildConfigurationList = 23E6B9692AF7983A006FA669 /* Build configuration list for PBXNativeTarget "RocketAppTests" */;
			buildPhases = (
				23E6B94E2AF7983A006FA669 /* Sources */,
				23E6B94F2AF7983A006FA669 /* Frameworks */,
				23E6B9502AF7983A006FA669 /* Resources */,
			);
			buildRules = (
			);
			dependencies = (
				23E6B9542AF7983A006FA669 /* PBXTargetDependency */,
			);
			name = RocketAppTests;
			productName = RocketAppTests;
			productReference = 23E6B9522AF7983A006FA669 /* RocketAppTests.xctest */;
			productType = "com.apple.product-type.bundle.unit-test";
		};
		23E6B95B2AF7983A006FA669 /* RocketAppUITests */ = {
			isa = PBXNativeTarget;
			buildConfigurationList = 23E6B96C2AF7983A006FA669 /* Build configuration list for PBXNativeTarget "RocketAppUITests" */;
			buildPhases = (
				23E6B9582AF7983A006FA669 /* Sources */,
				23E6B9592AF7983A006FA669 /* Frameworks */,
				23E6B95A2AF7983A006FA669 /* Resources */,
			);
			buildRules = (
			);
			dependencies = (
				23E6B95E2AF7983A006FA669 /* PBXTargetDependency */,
			);
			name = RocketAppUITests;
			productName = RocketAppUITests;
			productReference = 23E6B95C2AF7983A006FA669 /* RocketAppUITests.xctest */;
			productType = "com.apple.product-type.bundle.ui-testing";
		};
/* End PBXNativeTarget section */

/* Begin PBXProject section */
		23E6B93A2AF79837006FA669 /* Project object */ = {
			isa = PBXProject;
			attributes = {
				BuildIndependentTargetsInParallel = 1;
				LastSwiftUpdateCheck = 1420;
				LastUpgradeCheck = 1420;
				TargetAttributes = {
					23E6B9412AF79837006FA669 = {
						CreatedOnToolsVersion = 14.2;
					};
					23E6B9512AF7983A006FA669 = {
						CreatedOnToolsVersion = 14.2;
						TestTargetID = 23E6B9412AF79837006FA669;
					};
					23E6B95B2AF7983A006FA669 = {
						CreatedOnToolsVersion = 14.2;
						TestTargetID = 23E6B9412AF79837006FA669;
					};
				};
			};
			buildConfigurationList = 23E6B93D2AF79837006FA669 /* Build configuration list for PBXProject "RocketApp" */;
			compatibilityVersion = "Xcode 14.0";
			developmentRegion = en;
			hasScannedForEncodings = 0;
			knownRegions = (
				en,
				Base,
			);
			mainGroup = 23E6B9392AF79837006FA669;
			productRefGroup = 23E6B9432AF79837006FA669 /* Products */;
			projectDirPath = "";
			projectRoot = "";
			targets = (
				23E6B9412AF79837006FA669 /* RocketApp */,
				23E6B9512AF7983A006FA669 /* RocketAppTests */,
				23E6B95B2AF7983A006FA669 /* RocketAppUITests */,
			);
		};
/* End PBXProject section */

/* Begin PBXResourcesBuildPhase section */
		23E6B9402AF79837006FA669 /* Resources */ = {
			isa = PBXResourcesBuildPhase;
			buildActionMask = 2147483647;
			files = (
				23E6B94D2AF7983A006FA669 /* Preview Assets.xcassets in Resources */,
				23E6B94A2AF7983A006FA669 /* Assets.xcassets in Resources */,
			);
			runOnlyForDeploymentPostprocessing = 0;
		};
		23E6B9502AF7983A006FA669 /* Resources */ = {
			isa = PBXResourcesBuildPhase;
			buildActionMask = 2147483647;
			files = (
			);
			runOnlyForDeploymentPostprocessing = 0;
		};
		23E6B95A2AF7983A006FA669 /* Resources */ = {
			isa = PBXResourcesBuildPhase;
			buildActionMask = 2147483647;
			files = (
			);
			runOnlyForDeploymentPostprocessing = 0;
		};
/* End PBXResourcesBuildPhase section */

/* Begin PBXSourcesBuildPhase section */
		23E6B93E2AF79837006FA669 /* Sources */ = {
			isa = PBXSourcesBuildPhase;
			buildActionMask = 2147483647;
			files = (
				23E6B9482AF79837006FA669 /* RocketListView.swift in Sources */,
				2378DF112AF7B26600D9FCAD /* RocketDetailView.swift in Sources */,
				2378DF042AF7A8EC00D9FCAD /* RocketListViewModel.swift in Sources */,
				2378DF0F2AF7B1FB00D9FCAD /* RocketDetailViewModel.swift in Sources */,
				2378DF132AF7C8B100D9FCAD /* Constants.swift in Sources */,
				2378DF0A2AF7B06700D9FCAD /* Localization.swift in Sources */,
				23E6B9462AF79837006FA669 /* RocketApp.swift in Sources */,
			);
			runOnlyForDeploymentPostprocessing = 0;
		};
		23E6B94E2AF7983A006FA669 /* Sources */ = {
			isa = PBXSourcesBuildPhase;
			buildActionMask = 2147483647;
			files = (
				23E6B9572AF7983A006FA669 /* RocketAppTests.swift in Sources */,
			);
			runOnlyForDeploymentPostprocessing = 0;
		};
		23E6B9582AF7983A006FA669 /* Sources */ = {
			isa = PBXSourcesBuildPhase;
			buildActionMask = 2147483647;
			files = (
				23E6B9632AF7983A006FA669 /* RocketAppUITestsLaunchTests.swift in Sources */,
				23E6B9612AF7983A006FA669 /* RocketAppUITests.swift in Sources */,
			);
			runOnlyForDeploymentPostprocessing = 0;
		};
/* End PBXSourcesBuildPhase section */

/* Begin PBXTargetDependency section */
		23E6B9542AF7983A006FA669 /* PBXTargetDependency */ = {
			isa = PBXTargetDependency;
			target = 23E6B9412AF79837006FA669 /* RocketApp */;
			targetProxy = 23E6B9532AF7983A006FA669 /* PBXContainerItemProxy */;
		};
		23E6B95E2AF7983A006FA669 /* PBXTargetDependency */ = {
			isa = PBXTargetDependency;
			target = 23E6B9412AF79837006FA669 /* RocketApp */;
			targetProxy = 23E6B95D2AF7983A006FA669 /* PBXContainerItemProxy */;
		};
/* End PBXTargetDependency section */

/* Begin XCBuildConfiguration section */
		23E6B9642AF7983A006FA669 /* Debug */ = {
			isa = XCBuildConfiguration;
			buildSettings = {
				ALWAYS_SEARCH_USER_PATHS = NO;
				CLANG_ANALYZER_NONNULL = YES;
				CLANG_ANALYZER_NUMBER_OBJECT_CONVERSION = YES_AGGRESSIVE;
				CLANG_CXX_LANGUAGE_STANDARD = "gnu++20";
				CLANG_ENABLE_MODULES = YES;
				CLANG_ENABLE_OBJC_ARC = YES;
				CLANG_ENABLE_OBJC_WEAK = YES;
				CLANG_WARN_BLOCK_CAPTURE_AUTORELEASING = YES;
				CLANG_WARN_BOOL_CONVERSION = YES;
				CLANG_WARN_COMMA = YES;
				CLANG_WARN_CONSTANT_CONVERSION = YES;
				CLANG_WARN_DEPRECATED_OBJC_IMPLEMENTATIONS = YES;
				CLANG_WARN_DIRECT_OBJC_ISA_USAGE = YES_ERROR;
				CLANG_WARN_DOCUMENTATION_COMMENTS = YES;
				CLANG_WARN_EMPTY_BODY = YES;
				CLANG_WARN_ENUM_CONVERSION = YES;
				CLANG_WARN_INFINITE_RECURSION = YES;
				CLANG_WARN_INT_CONVERSION = YES;
				CLANG_WARN_NON_LITERAL_NULL_CONVERSION = YES;
				CLANG_WARN_OBJC_IMPLICIT_RETAIN_SELF = YES;
				CLANG_WARN_OBJC_LITERAL_CONVERSION = YES;
				CLANG_WARN_OBJC_ROOT_CLASS = YES_ERROR;
				CLANG_WARN_QUOTED_INCLUDE_IN_FRAMEWORK_HEADER = YES;
				CLANG_WARN_RANGE_LOOP_ANALYSIS = YES;
				CLANG_WARN_STRICT_PROTOTYPES = YES;
				CLANG_WARN_SUSPICIOUS_MOVE = YES;
				CLANG_WARN_UNGUARDED_AVAILABILITY = YES_AGGRESSIVE;
				CLANG_WARN_UNREACHABLE_CODE = YES;
				CLANG_WARN__DUPLICATE_METHOD_MATCH = YES;
				COPY_PHASE_STRIP = NO;
				DEBUG_INFORMATION_FORMAT = dwarf;
				ENABLE_STRICT_OBJC_MSGSEND = YES;
				ENABLE_TESTABILITY = YES;
				GCC_C_LANGUAGE_STANDARD = gnu11;
				GCC_DYNAMIC_NO_PIC = NO;
				GCC_NO_COMMON_BLOCKS = YES;
				GCC_OPTIMIZATION_LEVEL = 0;
				GCC_PREPROCESSOR_DEFINITIONS = (
					"DEBUG=1",
					"$(inherited)",
				);
				GCC_WARN_64_TO_32_BIT_CONVERSION = YES;
				GCC_WARN_ABOUT_RETURN_TYPE = YES_ERROR;
				GCC_WARN_UNDECLARED_SELECTOR = YES;
				GCC_WARN_UNINITIALIZED_AUTOS = YES_AGGRESSIVE;
				GCC_WARN_UNUSED_FUNCTION = YES;
				GCC_WARN_UNUSED_VARIABLE = YES;
				IPHONEOS_DEPLOYMENT_TARGET = 16.2;
				MTL_ENABLE_DEBUG_INFO = INCLUDE_SOURCE;
				MTL_FAST_MATH = YES;
				ONLY_ACTIVE_ARCH = YES;
				SDKROOT = iphoneos;
				SWIFT_ACTIVE_COMPILATION_CONDITIONS = DEBUG;
				SWIFT_OPTIMIZATION_LEVEL = "-Onone";
			};
			name = Debug;
		};
		23E6B9652AF7983A006FA669 /* Release */ = {
			isa = XCBuildConfiguration;
			buildSettings = {
				ALWAYS_SEARCH_USER_PATHS = NO;
				CLANG_ANALYZER_NONNULL = YES;
				CLANG_ANALYZER_NUMBER_OBJECT_CONVERSION = YES_AGGRESSIVE;
				CLANG_CXX_LANGUAGE_STANDARD = "gnu++20";
				CLANG_ENABLE_MODULES = YES;
				CLANG_ENABLE_OBJC_ARC = YES;
				CLANG_ENABLE_OBJC_WEAK = YES;
				CLANG_WARN_BLOCK_CAPTURE_AUTORELEASING = YES;
				CLANG_WARN_BOOL_CONVERSION = YES;
				CLANG_WARN_COMMA = YES;
				CLANG_WARN_CONSTANT_CONVERSION = YES;
				CLANG_WARN_DEPRECATED_OBJC_IMPLEMENTATIONS = YES;
				CLANG_WARN_DIRECT_OBJC_ISA_USAGE = YES_ERROR;
				CLANG_WARN_DOCUMENTATION_COMMENTS = YES;
				CLANG_WARN_EMPTY_BODY = YES;
				CLANG_WARN_ENUM_CONVERSION = YES;
				CLANG_WARN_INFINITE_RECURSION = YES;
				CLANG_WARN_INT_CONVERSION = YES;
				CLANG_WARN_NON_LITERAL_NULL_CONVERSION = YES;
				CLANG_WARN_OBJC_IMPLICIT_RETAIN_SELF = YES;
				CLANG_WARN_OBJC_LITERAL_CONVERSION = YES;
				CLANG_WARN_OBJC_ROOT_CLASS = YES_ERROR;
				CLANG_WARN_QUOTED_INCLUDE_IN_FRAMEWORK_HEADER = YES;
				CLANG_WARN_RANGE_LOOP_ANALYSIS = YES;
				CLANG_WARN_STRICT_PROTOTYPES = YES;
				CLANG_WARN_SUSPICIOUS_MOVE = YES;
				CLANG_WARN_UNGUARDED_AVAILABILITY = YES_AGGRESSIVE;
				CLANG_WARN_UNREACHABLE_CODE = YES;
				CLANG_WARN__DUPLICATE_METHOD_MATCH = YES;
				COPY_PHASE_STRIP = NO;
				DEBUG_INFORMATION_FORMAT = "dwarf-with-dsym";
				ENABLE_NS_ASSERTIONS = NO;
				ENABLE_STRICT_OBJC_MSGSEND = YES;
				GCC_C_LANGUAGE_STANDARD = gnu11;
				GCC_NO_COMMON_BLOCKS = YES;
				GCC_WARN_64_TO_32_BIT_CONVERSION = YES;
				GCC_WARN_ABOUT_RETURN_TYPE = YES_ERROR;
				GCC_WARN_UNDECLARED_SELECTOR = YES;
				GCC_WARN_UNINITIALIZED_AUTOS = YES_AGGRESSIVE;
				GCC_WARN_UNUSED_FUNCTION = YES;
				GCC_WARN_UNUSED_VARIABLE = YES;
				IPHONEOS_DEPLOYMENT_TARGET = 16.2;
				MTL_ENABLE_DEBUG_INFO = NO;
				MTL_FAST_MATH = YES;
				SDKROOT = iphoneos;
				SWIFT_COMPILATION_MODE = wholemodule;
				SWIFT_OPTIMIZATION_LEVEL = "-O";
				VALIDATE_PRODUCT = YES;
			};
			name = Release;
		};
		23E6B9672AF7983A006FA669 /* Debug */ = {
			isa = XCBuildConfiguration;
			buildSettings = {
				ASSETCATALOG_COMPILER_APPICON_NAME = AppIcon;
				ASSETCATALOG_COMPILER_GLOBAL_ACCENT_COLOR_NAME = AccentColor;
				CODE_SIGN_STYLE = Automatic;
				CURRENT_PROJECT_VERSION = 1;
				DEVELOPMENT_ASSET_PATHS = "\"RocketApp/Preview Content\"";
				DEVELOPMENT_TEAM = G4SMC8V254;
				ENABLE_PREVIEWS = YES;
				GENERATE_INFOPLIST_FILE = YES;
				INFOPLIST_KEY_UIApplicationSceneManifest_Generation = YES;
				INFOPLIST_KEY_UIApplicationSupportsIndirectInputEvents = YES;
				INFOPLIST_KEY_UILaunchScreen_Generation = YES;
				INFOPLIST_KEY_UISupportedInterfaceOrientations_iPad = "UIInterfaceOrientationPortrait UIInterfaceOrientationPortraitUpsideDown UIInterfaceOrientationLandscapeLeft UIInterfaceOrientationLandscapeRight";
				INFOPLIST_KEY_UISupportedInterfaceOrientations_iPhone = "UIInterfaceOrientationPortrait UIInterfaceOrientationLandscapeLeft UIInterfaceOrientationLandscapeRight";
				LD_RUNPATH_SEARCH_PATHS = (
					"$(inherited)",
					"@executable_path/Frameworks",
				);
				MARKETING_VERSION = 1.0;
				PRODUCT_BUNDLE_IDENTIFIER = com.eliskakratka.RocketApp;
				PRODUCT_NAME = "$(TARGET_NAME)";
				SWIFT_EMIT_LOC_STRINGS = YES;
				SWIFT_VERSION = 5.0;
				TARGETED_DEVICE_FAMILY = "1,2";
			};
			name = Debug;
		};
		23E6B9682AF7983A006FA669 /* Release */ = {
			isa = XCBuildConfiguration;
			buildSettings = {
				ASSETCATALOG_COMPILER_APPICON_NAME = AppIcon;
				ASSETCATALOG_COMPILER_GLOBAL_ACCENT_COLOR_NAME = AccentColor;
				CODE_SIGN_STYLE = Automatic;
				CURRENT_PROJECT_VERSION = 1;
				DEVELOPMENT_ASSET_PATHS = "\"RocketApp/Preview Content\"";
				DEVELOPMENT_TEAM = G4SMC8V254;
				ENABLE_PREVIEWS = YES;
				GENERATE_INFOPLIST_FILE = YES;
				INFOPLIST_KEY_UIApplicationSceneManifest_Generation = YES;
				INFOPLIST_KEY_UIApplicationSupportsIndirectInputEvents = YES;
				INFOPLIST_KEY_UILaunchScreen_Generation = YES;
				INFOPLIST_KEY_UISupportedInterfaceOrientations_iPad = "UIInterfaceOrientationPortrait UIInterfaceOrientationPortraitUpsideDown UIInterfaceOrientationLandscapeLeft UIInterfaceOrientationLandscapeRight";
				INFOPLIST_KEY_UISupportedInterfaceOrientations_iPhone = "UIInterfaceOrientationPortrait UIInterfaceOrientationLandscapeLeft UIInterfaceOrientationLandscapeRight";
				LD_RUNPATH_SEARCH_PATHS = (
					"$(inherited)",
					"@executable_path/Frameworks",
				);
				MARKETING_VERSION = 1.0;
				PRODUCT_BUNDLE_IDENTIFIER = com.eliskakratka.RocketApp;
				PRODUCT_NAME = "$(TARGET_NAME)";
				SWIFT_EMIT_LOC_STRINGS = YES;
				SWIFT_VERSION = 5.0;
				TARGETED_DEVICE_FAMILY = "1,2";
			};
			name = Release;
		};
		23E6B96A2AF7983A006FA669 /* Debug */ = {
			isa = XCBuildConfiguration;
			buildSettings = {
				ALWAYS_EMBED_SWIFT_STANDARD_LIBRARIES = YES;
				BUNDLE_LOADER = "$(TEST_HOST)";
				CODE_SIGN_STYLE = Automatic;
				CURRENT_PROJECT_VERSION = 1;
				DEVELOPMENT_TEAM = G4SMC8V254;
				GENERATE_INFOPLIST_FILE = YES;
				IPHONEOS_DEPLOYMENT_TARGET = 16.2;
				MARKETING_VERSION = 1.0;
				PRODUCT_BUNDLE_IDENTIFIER = com.eliskakratka.RocketAppTests;
				PRODUCT_NAME = "$(TARGET_NAME)";
				SWIFT_EMIT_LOC_STRINGS = NO;
				SWIFT_VERSION = 5.0;
				TARGETED_DEVICE_FAMILY = "1,2";
				TEST_HOST = "$(BUILT_PRODUCTS_DIR)/RocketApp.app/$(BUNDLE_EXECUTABLE_FOLDER_PATH)/RocketApp";
			};
			name = Debug;
		};
		23E6B96B2AF7983A006FA669 /* Release */ = {
			isa = XCBuildConfiguration;
			buildSettings = {
				ALWAYS_EMBED_SWIFT_STANDARD_LIBRARIES = YES;
				BUNDLE_LOADER = "$(TEST_HOST)";
				CODE_SIGN_STYLE = Automatic;
				CURRENT_PROJECT_VERSION = 1;
				DEVELOPMENT_TEAM = G4SMC8V254;
				GENERATE_INFOPLIST_FILE = YES;
				IPHONEOS_DEPLOYMENT_TARGET = 16.2;
				MARKETING_VERSION = 1.0;
				PRODUCT_BUNDLE_IDENTIFIER = com.eliskakratka.RocketAppTests;
				PRODUCT_NAME = "$(TARGET_NAME)";
				SWIFT_EMIT_LOC_STRINGS = NO;
				SWIFT_VERSION = 5.0;
				TARGETED_DEVICE_FAMILY = "1,2";
				TEST_HOST = "$(BUILT_PRODUCTS_DIR)/RocketApp.app/$(BUNDLE_EXECUTABLE_FOLDER_PATH)/RocketApp";
			};
			name = Release;
		};
		23E6B96D2AF7983A006FA669 /* Debug */ = {
			isa = XCBuildConfiguration;
			buildSettings = {
				ALWAYS_EMBED_SWIFT_STANDARD_LIBRARIES = YES;
				CODE_SIGN_STYLE = Automatic;
				CURRENT_PROJECT_VERSION = 1;
				DEVELOPMENT_TEAM = G4SMC8V254;
				GENERATE_INFOPLIST_FILE = YES;
				MARKETING_VERSION = 1.0;
				PRODUCT_BUNDLE_IDENTIFIER = com.eliskakratka.RocketAppUITests;
				PRODUCT_NAME = "$(TARGET_NAME)";
				SWIFT_EMIT_LOC_STRINGS = NO;
				SWIFT_VERSION = 5.0;
				TARGETED_DEVICE_FAMILY = "1,2";
				TEST_TARGET_NAME = RocketApp;
			};
			name = Debug;
		};
		23E6B96E2AF7983A006FA669 /* Release */ = {
			isa = XCBuildConfiguration;
			buildSettings = {
				ALWAYS_EMBED_SWIFT_STANDARD_LIBRARIES = YES;
				CODE_SIGN_STYLE = Automatic;
				CURRENT_PROJECT_VERSION = 1;
				DEVELOPMENT_TEAM = G4SMC8V254;
				GENERATE_INFOPLIST_FILE = YES;
				MARKETING_VERSION = 1.0;
				PRODUCT_BUNDLE_IDENTIFIER = com.eliskakratka.RocketAppUITests;
				PRODUCT_NAME = "$(TARGET_NAME)";
				SWIFT_EMIT_LOC_STRINGS = NO;
				SWIFT_VERSION = 5.0;
				TARGETED_DEVICE_FAMILY = "1,2";
				TEST_TARGET_NAME = RocketApp;
			};
			name = Release;
		};
/* End XCBuildConfiguration section */

/* Begin XCConfigurationList section */
		23E6B93D2AF79837006FA669 /* Build configuration list for PBXProject "RocketApp" */ = {
			isa = XCConfigurationList;
			buildConfigurations = (
				23E6B9642AF7983A006FA669 /* Debug */,
				23E6B9652AF7983A006FA669 /* Release */,
			);
			defaultConfigurationIsVisible = 0;
			defaultConfigurationName = Release;
		};
		23E6B9662AF7983A006FA669 /* Build configuration list for PBXNativeTarget "RocketApp" */ = {
			isa = XCConfigurationList;
			buildConfigurations = (
				23E6B9672AF7983A006FA669 /* Debug */,
				23E6B9682AF7983A006FA669 /* Release */,
			);
			defaultConfigurationIsVisible = 0;
			defaultConfigurationName = Release;
		};
		23E6B9692AF7983A006FA669 /* Build configuration list for PBXNativeTarget "RocketAppTests" */ = {
			isa = XCConfigurationList;
			buildConfigurations = (
				23E6B96A2AF7983A006FA669 /* Debug */,
				23E6B96B2AF7983A006FA669 /* Release */,
			);
			defaultConfigurationIsVisible = 0;
			defaultConfigurationName = Release;
		};
		23E6B96C2AF7983A006FA669 /* Build configuration list for PBXNativeTarget "RocketAppUITests" */ = {
			isa = XCConfigurationList;
			buildConfigurations = (
				23E6B96D2AF7983A006FA669 /* Debug */,
				23E6B96E2AF7983A006FA669 /* Release */,
			);
			defaultConfigurationIsVisible = 0;
			defaultConfigurationName = Release;
		};
/* End XCConfigurationList section */
	};
	rootObject = 23E6B93A2AF79837006FA669 /* Project object */;
}
